
Microsoft Visual Studio Solution File, Format Version 12.00
# Visual Studio 15
Project("{FAE04EC0-301F-11D3-BF4B-00C04F79EFBC}") = "alcoholProject", "alcoholProject.csproj", "{12EB66B0-EDB7-28D4-B9DE-D6DAB83AD93F}"
EndProject
Global
	GlobalSection(SolutionConfigurationPlatforms) = preSolution
		Debug|Any CPU = Debug|Any CPU
		Release|Any CPU = Release|Any CPU
	EndGlobalSection
	GlobalSection(ProjectConfigurationPlatforms) = postSolution
		{12EB66B0-EDB7-28D4-B9DE-D6DAB83AD93F}.Debug|Any CPU.ActiveCfg = Debug|Any CPU
		{12EB66B0-EDB7-28D4-B9DE-D6DAB83AD93F}.Debug|Any CPU.Build.0 = Debug|Any CPU
		{12EB66B0-EDB7-28D4-B9DE-D6DAB83AD93F}.Release|Any CPU.ActiveCfg = Release|Any CPU
		{12EB66B0-EDB7-28D4-B9DE-D6DAB83AD93F}.Release|Any CPU.Build.0 = Release|Any CPU
	EndGlobalSection
	GlobalSection(SolutionProperties) = preSolution
		HideSolutionNode = FALSE
	EndGlobalSection
EndGlobal
