
Microsoft Visual Studio Solution File, Format Version 12.00
# Visual Studio 15
Project("{FAE04EC0-301F-11D3-BF4B-00C04F79EFBC}") = "Besober", "Besober.csproj", "{0EB4B14C-2106-B926-8A6D-3ED7AFA63A37}"
EndProject
Project("{FAE04EC0-301F-11D3-BF4B-00C04F79EFBC}") = "Besober.Editor", "Besober.Editor.csproj", "{69A6DF06-E30A-F42D-AEA7-EC5736FF4FE3}"
EndProject
Global
	GlobalSection(SolutionConfigurationPlatforms) = preSolution
		Debug|Any CPU = Debug|Any CPU
		Release|Any CPU = Release|Any CPU
	EndGlobalSection
	GlobalSection(ProjectConfigurationPlatforms) = postSolution
		{0EB4B14C-2106-B926-8A6D-3ED7AFA63A37}.Debug|Any CPU.ActiveCfg = Debug|Any CPU
		{0EB4B14C-2106-B926-8A6D-3ED7AFA63A37}.Debug|Any CPU.Build.0 = Debug|Any CPU
		{0EB4B14C-2106-B926-8A6D-3ED7AFA63A37}.Release|Any CPU.ActiveCfg = Release|Any CPU
		{0EB4B14C-2106-B926-8A6D-3ED7AFA63A37}.Release|Any CPU.Build.0 = Release|Any CPU
		{69A6DF06-E30A-F42D-AEA7-EC5736FF4FE3}.Debug|Any CPU.ActiveCfg = Debug|Any CPU
		{69A6DF06-E30A-F42D-AEA7-EC5736FF4FE3}.Debug|Any CPU.Build.0 = Debug|Any CPU
		{69A6DF06-E30A-F42D-AEA7-EC5736FF4FE3}.Release|Any CPU.ActiveCfg = Release|Any CPU
		{69A6DF06-E30A-F42D-AEA7-EC5736FF4FE3}.Release|Any CPU.Build.0 = Release|Any CPU
	EndGlobalSection
	GlobalSection(SolutionProperties) = preSolution
		HideSolutionNode = FALSE
	EndGlobalSection
	GlobalSection(MonoDevelopProperties) = preSolution
		StartupItem = Assembly-CSharp.csproj
	EndGlobalSection
EndGlobal
